
Microsoft Visual Studio Solution File, Format Version 12.00
# Visual Studio Version 16
VisualStudioVersion = 16.0.30709.132
MinimumVisualStudioVersion = 10.0.40219.1
Project("{9A19103F-16F7-4668-BE54-9A1E7A4F7556}") = "AoC 2020", "AoC 2020\AoC 2020.csproj", "{9D193D04-D08D-4FAB-B15B-0268C96F0596}"
EndProject
Project("{9A19103F-16F7-4668-BE54-9A1E7A4F7556}") = "AoC 2020.tests", "AoC 2020.tests\AoC 2020.tests.csproj", "{A80B5B0D-BE07-4D13-82E3-7D9E76FFD86C}"
EndProject
Project("{2150E333-8FDC-42A3-9474-1A3956D46DE8}") = "Solution Items", "Solution Items", "{FC694F8C-2CC6-4A6D-AD31-1B0C994D9C86}"
	ProjectSection(SolutionItems) = preProject
		AoC 2020\.editorconfig = AoC 2020\.editorconfig
		.gitignore = .gitignore
	EndProjectSection
EndProject
Global
	GlobalSection(SolutionConfigurationPlatforms) = preSolution
		Debug|Any CPU = Debug|Any CPU
		Release|Any CPU = Release|Any CPU
	EndGlobalSection
	GlobalSection(ProjectConfigurationPlatforms) = postSolution
		{9D193D04-D08D-4FAB-B15B-0268C96F0596}.Debug|Any CPU.ActiveCfg = Debug|Any CPU
		{9D193D04-D08D-4FAB-B15B-0268C96F0596}.Debug|Any CPU.Build.0 = Debug|Any CPU
		{9D193D04-D08D-4FAB-B15B-0268C96F0596}.Release|Any CPU.ActiveCfg = Release|Any CPU
		{9D193D04-D08D-4FAB-B15B-0268C96F0596}.Release|Any CPU.Build.0 = Release|Any CPU
		{A80B5B0D-BE07-4D13-82E3-7D9E76FFD86C}.Debug|Any CPU.ActiveCfg = Debug|Any CPU
		{A80B5B0D-BE07-4D13-82E3-7D9E76FFD86C}.Debug|Any CPU.Build.0 = Debug|Any CPU
		{A80B5B0D-BE07-4D13-82E3-7D9E76FFD86C}.Release|Any CPU.ActiveCfg = Release|Any CPU
		{A80B5B0D-BE07-4D13-82E3-7D9E76FFD86C}.Release|Any CPU.Build.0 = Release|Any CPU
	EndGlobalSection
	GlobalSection(SolutionProperties) = preSolution
		HideSolutionNode = FALSE
	EndGlobalSection
	GlobalSection(ExtensibilityGlobals) = postSolution
		SolutionGuid = {E286BFD3-80F1-499C-A56D-7CFB17F94524}
	EndGlobalSection
EndGlobal
